<Solution>
  <Project Path="Backend.Application/Backend.Application.csproj" Id="d4bee6a6-6ce4-4792-ba87-0571e3b441f1" />
  <Project Path="Backend.Domain/Backend.Domain.csproj" Id="ab013dcc-724d-42b9-b71d-2d440961c5be" />
  <Project Path="Backend.Infrastructure/Backend.Infrastructure.csproj" Id="47f15ea0-2cbd-42ba-ab25-3ee9ae5619b7" />
  <Project Path="Backend.Presentation.API/Backend.Presentation.API.csproj" />
</Solution>
